
Microsoft Visual Studio Solution File, Format Version 12.00
# Visual Studio Version 16
VisualStudioVersion = 16.0.31702.278
MinimumVisualStudioVersion = 10.0.40219.1
Project("{9A19103F-16F7-4668-BE54-9A1E7A4F7556}") = "ValidatorsUnitTests", "ValidatorsUnitTests.csproj", "{02E8AA62-F09A-443F-A1DB-4C038CA0846F}"
EndProject
Project("{9A19103F-16F7-4668-BE54-9A1E7A4F7556}") = "1_3_Bibliotekos_Panaudojimas", "..\1_3_Bibliotekos_Panaudojimas\1_3_Bibliotekos_Panaudojimas.csproj", "{4E37A7BE-802F-4863-BF62-B68BC5EB71A8}"
EndProject
Project("{FAE04EC0-301F-11D3-BF4B-00C04F79EFBC}") = "BibliotekosPanaudojimasTests", "..\BibliotekosPanaudojimasTests\BibliotekosPanaudojimasTests.csproj", "{5BA0C5BC-91FC-4444-938B-2253A9B4D3F5}"
EndProject
Global
	GlobalSection(SolutionConfigurationPlatforms) = preSolution
		Debug|Any CPU = Debug|Any CPU
		Release|Any CPU = Release|Any CPU
	EndGlobalSection
	GlobalSection(ProjectConfigurationPlatforms) = postSolution
		{02E8AA62-F09A-443F-A1DB-4C038CA0846F}.Debug|Any CPU.ActiveCfg = Debug|Any CPU
		{02E8AA62-F09A-443F-A1DB-4C038CA0846F}.Debug|Any CPU.Build.0 = Debug|Any CPU
		{02E8AA62-F09A-443F-A1DB-4C038CA0846F}.Release|Any CPU.ActiveCfg = Release|Any CPU
		{02E8AA62-F09A-443F-A1DB-4C038CA0846F}.Release|Any CPU.Build.0 = Release|Any CPU
		{4E37A7BE-802F-4863-BF62-B68BC5EB71A8}.Debug|Any CPU.ActiveCfg = Debug|Any CPU
		{4E37A7BE-802F-4863-BF62-B68BC5EB71A8}.Debug|Any CPU.Build.0 = Debug|Any CPU
		{4E37A7BE-802F-4863-BF62-B68BC5EB71A8}.Release|Any CPU.ActiveCfg = Release|Any CPU
		{4E37A7BE-802F-4863-BF62-B68BC5EB71A8}.Release|Any CPU.Build.0 = Release|Any CPU
		{5BA0C5BC-91FC-4444-938B-2253A9B4D3F5}.Debug|Any CPU.ActiveCfg = Debug|Any CPU
		{5BA0C5BC-91FC-4444-938B-2253A9B4D3F5}.Debug|Any CPU.Build.0 = Debug|Any CPU
		{5BA0C5BC-91FC-4444-938B-2253A9B4D3F5}.Release|Any CPU.ActiveCfg = Release|Any CPU
		{5BA0C5BC-91FC-4444-938B-2253A9B4D3F5}.Release|Any CPU.Build.0 = Release|Any CPU
	EndGlobalSection
	GlobalSection(SolutionProperties) = preSolution
		HideSolutionNode = FALSE
	EndGlobalSection
	GlobalSection(ExtensibilityGlobals) = postSolution
		SolutionGuid = {953CC24F-4CD2-4B66-B18C-EFF918BABA0B}
	EndGlobalSection
EndGlobal
