
Microsoft Visual Studio Solution File, Format Version 12.00
# Visual Studio Version 16
VisualStudioVersion = 16.0.31702.278
MinimumVisualStudioVersion = 10.0.40219.1
Project("{9A19103F-16F7-4668-BE54-9A1E7A4F7556}") = "ValidatorsUnitTests", "ValidatorsUnitTests.csproj", "{35AFED11-9782-4247-94DE-84F1C6FC388E}"
EndProject
Project("{FAE04EC0-301F-11D3-BF4B-00C04F79EFBC}") = "BibliotekosPanaudojimas", "..\BibliotekosPanaudojimas\BibliotekosPanaudojimas.csproj", "{74D94B3F-DA44-4F5D-A006-AFC93CB85E5D}"
EndProject
Global
	GlobalSection(SolutionConfigurationPlatforms) = preSolution
		Debug|Any CPU = Debug|Any CPU
		Release|Any CPU = Release|Any CPU
	EndGlobalSection
	GlobalSection(ProjectConfigurationPlatforms) = postSolution
		{35AFED11-9782-4247-94DE-84F1C6FC388E}.Debug|Any CPU.ActiveCfg = Debug|Any CPU
		{35AFED11-9782-4247-94DE-84F1C6FC388E}.Debug|Any CPU.Build.0 = Debug|Any CPU
		{35AFED11-9782-4247-94DE-84F1C6FC388E}.Release|Any CPU.ActiveCfg = Release|Any CPU
		{35AFED11-9782-4247-94DE-84F1C6FC388E}.Release|Any CPU.Build.0 = Release|Any CPU
		{74D94B3F-DA44-4F5D-A006-AFC93CB85E5D}.Debug|Any CPU.ActiveCfg = Debug|Any CPU
		{74D94B3F-DA44-4F5D-A006-AFC93CB85E5D}.Debug|Any CPU.Build.0 = Debug|Any CPU
		{74D94B3F-DA44-4F5D-A006-AFC93CB85E5D}.Release|Any CPU.ActiveCfg = Release|Any CPU
		{74D94B3F-DA44-4F5D-A006-AFC93CB85E5D}.Release|Any CPU.Build.0 = Release|Any CPU
	EndGlobalSection
	GlobalSection(SolutionProperties) = preSolution
		HideSolutionNode = FALSE
	EndGlobalSection
	GlobalSection(ExtensibilityGlobals) = postSolution
		SolutionGuid = {72570EB8-219F-4757-89D3-D44A66068654}
	EndGlobalSection
EndGlobal
